
Microsoft Visual Studio Solution File, Format Version 12.00
# Visual Studio Version 17
VisualStudioVersion = 17.8.34408.163
MinimumVisualStudioVersion = 10.0.40219.1
Project("{8BC9CEB8-8B4A-11D0-8D11-00A0C91BC942}") = "chp0ex", "chp0ex.vcxproj", "{72C3FD17-2C93-46B5-BF6C-0F2A8F8DFB94}"
EndProject
Global
	GlobalSection(SolutionConfigurationPlatforms) = preSolution
		Debug|x64 = Debug|x64
		Debug|x86 = Debug|x86
		Release|x64 = Release|x64
		Release|x86 = Release|x86
	EndGlobalSection
	GlobalSection(ProjectConfigurationPlatforms) = postSolution
		{72C3FD17-2C93-46B5-BF6C-0F2A8F8DFB94}.Debug|x64.ActiveCfg = Debug|x64
		{72C3FD17-2C93-46B5-BF6C-0F2A8F8DFB94}.Debug|x64.Build.0 = Debug|x64
		{72C3FD17-2C93-46B5-BF6C-0F2A8F8DFB94}.Debug|x86.ActiveCfg = Debug|Win32
		{72C3FD17-2C93-46B5-BF6C-0F2A8F8DFB94}.Debug|x86.Build.0 = Debug|Win32
		{72C3FD17-2C93-46B5-BF6C-0F2A8F8DFB94}.Release|x64.ActiveCfg = Release|x64
		{72C3FD17-2C93-46B5-BF6C-0F2A8F8DFB94}.Release|x64.Build.0 = Release|x64
		{72C3FD17-2C93-46B5-BF6C-0F2A8F8DFB94}.Release|x86.ActiveCfg = Release|Win32
		{72C3FD17-2C93-46B5-BF6C-0F2A8F8DFB94}.Release|x86.Build.0 = Release|Win32
	EndGlobalSection
	GlobalSection(SolutionProperties) = preSolution
		HideSolutionNode = FALSE
	EndGlobalSection
	GlobalSection(ExtensibilityGlobals) = postSolution
		SolutionGuid = {868500DA-EA53-49C4-9AAB-298A1A8BFF0B}
	EndGlobalSection
EndGlobal
